{
  "object": {
    "pins": [
      {
        "package": "Swidux",
        "repositoryURL": "https://github.com/clmntcrl/swidux.git",
        "state": {
          "branch": "master",
          "revision": "bbd10ae330c45ee4f9d3ecd39eb4609ede4d27e2",
          "version": null
        }
      }
    ]
  },
  "version": 1
}
